// !$*UTF8*$!
{
	archiveVersion = 1;
	classes = {
	};
	objectVersion = 55;
	objects = {

/* Begin PBXBuildFile section */
		340771E69C21A348911C9217 /* Pods_CapstoneProject.framework in Frameworks */ = {isa = PBXBuildFile; fileRef = FA8B93BEB286AB9F3D1316F3 /* Pods_CapstoneProject.framework */; };
		764D6C76F584A7E1DD57850C /* Pods_CapstoneProjectUITests.framework in Frameworks */ = {isa = PBXBuildFile; fileRef = 89366882C845FE22C63CE62D /* Pods_CapstoneProjectUITests.framework */; };
		EC576E09A084256B4E300673 /* Pods_CapstoneProjectTests.framework in Frameworks */ = {isa = PBXBuildFile; fileRef = 66950B703E5F785384E3108A /* Pods_CapstoneProjectTests.framework */; };
		F576C0DE287F46E300C93523 /* ActivityRecViewController.m in Sources */ = {isa = PBXBuildFile; fileRef = F576C0DD287F46E300C93523 /* ActivityRecViewController.m */; };
		F576C0E72880E0C600C93523 /* ActivityRecommendation.m in Sources */ = {isa = PBXBuildFile; fileRef = F576C0E62880E0C600C93523 /* ActivityRecommendation.m */; };
		F576C0EA2880E76100C93523 /* AddActivityViewController.m in Sources */ = {isa = PBXBuildFile; fileRef = F576C0E92880E76100C93523 /* AddActivityViewController.m */; };
		F576C0ED2880EFFA00C93523 /* DisplayActivityViewController.m in Sources */ = {isa = PBXBuildFile; fileRef = F576C0EC2880EFFA00C93523 /* DisplayActivityViewController.m */; };
		F576C0F32880F2AC00C93523 /* SignUpViewController.m in Sources */ = {isa = PBXBuildFile; fileRef = F576C0F22880F2AC00C93523 /* SignUpViewController.m */; };
		F576C0F62882197100C93523 /* MoodDetection.m in Sources */ = {isa = PBXBuildFile; fileRef = F576C0F52882197100C93523 /* MoodDetection.m */; };
		F576C0FC288731A100C93523 /* ActivityRecommendationTableViewCell.m in Sources */ = {isa = PBXBuildFile; fileRef = F576C0FB288731A100C93523 /* ActivityRecommendationTableViewCell.m */; };
		F5D0319A287C8F520065FDF3 /* AppDelegate.m in Sources */ = {isa = PBXBuildFile; fileRef = F5D03199287C8F520065FDF3 /* AppDelegate.m */; };
		F5D0319D287C8F520065FDF3 /* SceneDelegate.m in Sources */ = {isa = PBXBuildFile; fileRef = F5D0319C287C8F520065FDF3 /* SceneDelegate.m */; };
		F5D031A3287C8F520065FDF3 /* Main.storyboard in Resources */ = {isa = PBXBuildFile; fileRef = F5D031A1287C8F520065FDF3 /* Main.storyboard */; };
		F5D031A5287C8F530065FDF3 /* Assets.xcassets in Resources */ = {isa = PBXBuildFile; fileRef = F5D031A4287C8F530065FDF3 /* Assets.xcassets */; };
		F5D031A8287C8F530065FDF3 /* LaunchScreen.storyboard in Resources */ = {isa = PBXBuildFile; fileRef = F5D031A6287C8F530065FDF3 /* LaunchScreen.storyboard */; };
		F5D031AB287C8F530065FDF3 /* main.m in Sources */ = {isa = PBXBuildFile; fileRef = F5D031AA287C8F530065FDF3 /* main.m */; };
		F5D031B5287C8F530065FDF3 /* CapstoneProjectTests.m in Sources */ = {isa = PBXBuildFile; fileRef = F5D031B4287C8F530065FDF3 /* CapstoneProjectTests.m */; };
		F5D031BF287C8F530065FDF3 /* CapstoneProjectUITests.m in Sources */ = {isa = PBXBuildFile; fileRef = F5D031BE287C8F530065FDF3 /* CapstoneProjectUITests.m */; };
		F5D031C1287C8F530065FDF3 /* CapstoneProjectUITestsLaunchTests.m in Sources */ = {isa = PBXBuildFile; fileRef = F5D031C0287C8F530065FDF3 /* CapstoneProjectUITestsLaunchTests.m */; };
		F5D031CF287C9A6B0065FDF3 /* LoginViewController.m in Sources */ = {isa = PBXBuildFile; fileRef = F5D031CE287C9A6B0065FDF3 /* LoginViewController.m */; };
		F5D031D2287C9D270065FDF3 /* AXHomeViewController.m in Sources */ = {isa = PBXBuildFile; fileRef = F5D031D1287C9D270065FDF3 /* AXHomeViewController.m */; };
/* End PBXBuildFile section */

/* Begin PBXContainerItemProxy section */
		F5D031B1287C8F530065FDF3 /* PBXContainerItemProxy */ = {
			isa = PBXContainerItemProxy;
			containerPortal = F5D0318D287C8F520065FDF3 /* Project object */;
			proxyType = 1;
			remoteGlobalIDString = F5D03194287C8F520065FDF3;
			remoteInfo = CapstoneProject;
		};
		F5D031BB287C8F530065FDF3 /* PBXContainerItemProxy */ = {
			isa = PBXContainerItemProxy;
			containerPortal = F5D0318D287C8F520065FDF3 /* Project object */;
			proxyType = 1;
			remoteGlobalIDString = F5D03194287C8F520065FDF3;
			remoteInfo = CapstoneProject;
		};
/* End PBXContainerItemProxy section */

/* Begin PBXFileReference section */
		212AFF4A3BDE66FD65861084 /* Pods-CapstoneProjectTests.debug.xcconfig */ = {isa = PBXFileReference; includeInIndex = 1; lastKnownFileType = text.xcconfig; name = "Pods-CapstoneProjectTests.debug.xcconfig"; path = "Pods/Target Support Files/Pods-CapstoneProjectTests/Pods-CapstoneProjectTests.debug.xcconfig"; sourceTree = "<group>"; };
		3BF5F8F5A7A1B8A63FA53C7F /* Pods-CapstoneProjectUITests.debug.xcconfig */ = {isa = PBXFileReference; includeInIndex = 1; lastKnownFileType = text.xcconfig; name = "Pods-CapstoneProjectUITests.debug.xcconfig"; path = "Pods/Target Support Files/Pods-CapstoneProjectUITests/Pods-CapstoneProjectUITests.debug.xcconfig"; sourceTree = "<group>"; };
		42A3D1D3588070588CAA87E2 /* Pods-CapstoneProjectTests.release.xcconfig */ = {isa = PBXFileReference; includeInIndex = 1; lastKnownFileType = text.xcconfig; name = "Pods-CapstoneProjectTests.release.xcconfig"; path = "Pods/Target Support Files/Pods-CapstoneProjectTests/Pods-CapstoneProjectTests.release.xcconfig"; sourceTree = "<group>"; };
		5B23CEE57A0409C7FC50A72A /* Pods-CapstoneProject.release.xcconfig */ = {isa = PBXFileReference; includeInIndex = 1; lastKnownFileType = text.xcconfig; name = "Pods-CapstoneProject.release.xcconfig"; path = "Pods/Target Support Files/Pods-CapstoneProject/Pods-CapstoneProject.release.xcconfig"; sourceTree = "<group>"; };
		66950B703E5F785384E3108A /* Pods_CapstoneProjectTests.framework */ = {isa = PBXFileReference; explicitFileType = wrapper.framework; includeInIndex = 0; path = Pods_CapstoneProjectTests.framework; sourceTree = BUILT_PRODUCTS_DIR; };
		89366882C845FE22C63CE62D /* Pods_CapstoneProjectUITests.framework */ = {isa = PBXFileReference; explicitFileType = wrapper.framework; includeInIndex = 0; path = Pods_CapstoneProjectUITests.framework; sourceTree = BUILT_PRODUCTS_DIR; };
		ABFE21B6E3067FA05C51E5E7 /* Pods-CapstoneProjectUITests.release.xcconfig */ = {isa = PBXFileReference; includeInIndex = 1; lastKnownFileType = text.xcconfig; name = "Pods-CapstoneProjectUITests.release.xcconfig"; path = "Pods/Target Support Files/Pods-CapstoneProjectUITests/Pods-CapstoneProjectUITests.release.xcconfig"; sourceTree = "<group>"; };
		F576C0DC287F46E300C93523 /* ActivityRecViewController.h */ = {isa = PBXFileReference; lastKnownFileType = sourcecode.c.h; path = ActivityRecViewController.h; sourceTree = "<group>"; };
		F576C0DD287F46E300C93523 /* ActivityRecViewController.m */ = {isa = PBXFileReference; lastKnownFileType = sourcecode.c.objc; path = ActivityRecViewController.m; sourceTree = "<group>"; };
		F576C0E52880E0C600C93523 /* ActivityRecommendation.h */ = {isa = PBXFileReference; lastKnownFileType = sourcecode.c.h; path = ActivityRecommendation.h; sourceTree = "<group>"; };
		F576C0E62880E0C600C93523 /* ActivityRecommendation.m */ = {isa = PBXFileReference; lastKnownFileType = sourcecode.c.objc; path = ActivityRecommendation.m; sourceTree = "<group>"; };
		F576C0E82880E76100C93523 /* AddActivityViewController.h */ = {isa = PBXFileReference; lastKnownFileType = sourcecode.c.h; path = AddActivityViewController.h; sourceTree = "<group>"; };
		F576C0E92880E76100C93523 /* AddActivityViewController.m */ = {isa = PBXFileReference; lastKnownFileType = sourcecode.c.objc; path = AddActivityViewController.m; sourceTree = "<group>"; };
		F576C0EB2880EFFA00C93523 /* DisplayActivityViewController.h */ = {isa = PBXFileReference; lastKnownFileType = sourcecode.c.h; path = DisplayActivityViewController.h; sourceTree = "<group>"; };
		F576C0EC2880EFFA00C93523 /* DisplayActivityViewController.m */ = {isa = PBXFileReference; lastKnownFileType = sourcecode.c.objc; path = DisplayActivityViewController.m; sourceTree = "<group>"; };
		F576C0F12880F2AC00C93523 /* SignUpViewController.h */ = {isa = PBXFileReference; lastKnownFileType = sourcecode.c.h; path = SignUpViewController.h; sourceTree = "<group>"; };
		F576C0F22880F2AC00C93523 /* SignUpViewController.m */ = {isa = PBXFileReference; lastKnownFileType = sourcecode.c.objc; path = SignUpViewController.m; sourceTree = "<group>"; };
		F576C0F42882197100C93523 /* MoodDetection.h */ = {isa = PBXFileReference; lastKnownFileType = sourcecode.c.h; path = MoodDetection.h; sourceTree = "<group>"; };
		F576C0F52882197100C93523 /* MoodDetection.m */ = {isa = PBXFileReference; lastKnownFileType = sourcecode.c.objc; path = MoodDetection.m; sourceTree = "<group>"; };
		F576C0FA288731A100C93523 /* ActivityRecommendationTableViewCell.h */ = {isa = PBXFileReference; lastKnownFileType = sourcecode.c.h; path = ActivityRecommendationTableViewCell.h; sourceTree = "<group>"; };
		F576C0FB288731A100C93523 /* ActivityRecommendationTableViewCell.m */ = {isa = PBXFileReference; lastKnownFileType = sourcecode.c.objc; path = ActivityRecommendationTableViewCell.m; sourceTree = "<group>"; };
		F5D03195287C8F520065FDF3 /* CapstoneProject.app */ = {isa = PBXFileReference; explicitFileType = wrapper.application; includeInIndex = 0; path = CapstoneProject.app; sourceTree = BUILT_PRODUCTS_DIR; };
		F5D03198287C8F520065FDF3 /* AppDelegate.h */ = {isa = PBXFileReference; lastKnownFileType = sourcecode.c.h; path = AppDelegate.h; sourceTree = "<group>"; };
		F5D03199287C8F520065FDF3 /* AppDelegate.m */ = {isa = PBXFileReference; lastKnownFileType = sourcecode.c.objc; path = AppDelegate.m; sourceTree = "<group>"; };
		F5D0319B287C8F520065FDF3 /* SceneDelegate.h */ = {isa = PBXFileReference; lastKnownFileType = sourcecode.c.h; path = SceneDelegate.h; sourceTree = "<group>"; };
		F5D0319C287C8F520065FDF3 /* SceneDelegate.m */ = {isa = PBXFileReference; lastKnownFileType = sourcecode.c.objc; path = SceneDelegate.m; sourceTree = "<group>"; };
		F5D031A2287C8F520065FDF3 /* Base */ = {isa = PBXFileReference; lastKnownFileType = file.storyboard; name = Base; path = Base.lproj/Main.storyboard; sourceTree = "<group>"; };
		F5D031A4287C8F530065FDF3 /* Assets.xcassets */ = {isa = PBXFileReference; lastKnownFileType = folder.assetcatalog; path = Assets.xcassets; sourceTree = "<group>"; };
		F5D031A7287C8F530065FDF3 /* Base */ = {isa = PBXFileReference; lastKnownFileType = file.storyboard; name = Base; path = Base.lproj/LaunchScreen.storyboard; sourceTree = "<group>"; };
		F5D031A9287C8F530065FDF3 /* Info.plist */ = {isa = PBXFileReference; lastKnownFileType = text.plist.xml; path = Info.plist; sourceTree = "<group>"; };
		F5D031AA287C8F530065FDF3 /* main.m */ = {isa = PBXFileReference; lastKnownFileType = sourcecode.c.objc; path = main.m; sourceTree = "<group>"; };
		F5D031B0287C8F530065FDF3 /* CapstoneProjectTests.xctest */ = {isa = PBXFileReference; explicitFileType = wrapper.cfbundle; includeInIndex = 0; path = CapstoneProjectTests.xctest; sourceTree = BUILT_PRODUCTS_DIR; };
		F5D031B4287C8F530065FDF3 /* CapstoneProjectTests.m */ = {isa = PBXFileReference; lastKnownFileType = sourcecode.c.objc; path = CapstoneProjectTests.m; sourceTree = "<group>"; };
		F5D031BA287C8F530065FDF3 /* CapstoneProjectUITests.xctest */ = {isa = PBXFileReference; explicitFileType = wrapper.cfbundle; includeInIndex = 0; path = CapstoneProjectUITests.xctest; sourceTree = BUILT_PRODUCTS_DIR; };
		F5D031BE287C8F530065FDF3 /* CapstoneProjectUITests.m */ = {isa = PBXFileReference; lastKnownFileType = sourcecode.c.objc; path = CapstoneProjectUITests.m; sourceTree = "<group>"; };
		F5D031C0287C8F530065FDF3 /* CapstoneProjectUITestsLaunchTests.m */ = {isa = PBXFileReference; lastKnownFileType = sourcecode.c.objc; path = CapstoneProjectUITestsLaunchTests.m; sourceTree = "<group>"; };
		F5D031CD287C9A6B0065FDF3 /* LoginViewController.h */ = {isa = PBXFileReference; lastKnownFileType = sourcecode.c.h; path = LoginViewController.h; sourceTree = "<group>"; };
		F5D031CE287C9A6B0065FDF3 /* LoginViewController.m */ = {isa = PBXFileReference; lastKnownFileType = sourcecode.c.objc; path = LoginViewController.m; sourceTree = "<group>"; };
		F5D031D0287C9D270065FDF3 /* AXHomeViewController.h */ = {isa = PBXFileReference; lastKnownFileType = sourcecode.c.h; path = AXHomeViewController.h; sourceTree = "<group>"; };
		F5D031D1287C9D270065FDF3 /* AXHomeViewController.m */ = {isa = PBXFileReference; lastKnownFileType = sourcecode.c.objc; path = AXHomeViewController.m; sourceTree = "<group>"; };
		F6472ECC89E77248B87604AC /* Pods-CapstoneProject.debug.xcconfig */ = {isa = PBXFileReference; includeInIndex = 1; lastKnownFileType = text.xcconfig; name = "Pods-CapstoneProject.debug.xcconfig"; path = "Pods/Target Support Files/Pods-CapstoneProject/Pods-CapstoneProject.debug.xcconfig"; sourceTree = "<group>"; };
		FA8B93BEB286AB9F3D1316F3 /* Pods_CapstoneProject.framework */ = {isa = PBXFileReference; explicitFileType = wrapper.framework; includeInIndex = 0; path = Pods_CapstoneProject.framework; sourceTree = BUILT_PRODUCTS_DIR; };
/* End PBXFileReference section */

/* Begin PBXFrameworksBuildPhase section */
		F5D03192287C8F520065FDF3 /* Frameworks */ = {
			isa = PBXFrameworksBuildPhase;
			buildActionMask = 2147483647;
			files = (
				340771E69C21A348911C9217 /* Pods_CapstoneProject.framework in Frameworks */,
			);
			runOnlyForDeploymentPostprocessing = 0;
		};
		F5D031AD287C8F530065FDF3 /* Frameworks */ = {
			isa = PBXFrameworksBuildPhase;
			buildActionMask = 2147483647;
			files = (
				EC576E09A084256B4E300673 /* Pods_CapstoneProjectTests.framework in Frameworks */,
			);
			runOnlyForDeploymentPostprocessing = 0;
		};
		F5D031B7287C8F530065FDF3 /* Frameworks */ = {
			isa = PBXFrameworksBuildPhase;
			buildActionMask = 2147483647;
			files = (
				764D6C76F584A7E1DD57850C /* Pods_CapstoneProjectUITests.framework in Frameworks */,
			);
			runOnlyForDeploymentPostprocessing = 0;
		};
/* End PBXFrameworksBuildPhase section */

/* Begin PBXGroup section */
		5709A0E69B1311F21D61DCCE /* Frameworks */ = {
			isa = PBXGroup;
			children = (
				FA8B93BEB286AB9F3D1316F3 /* Pods_CapstoneProject.framework */,
				66950B703E5F785384E3108A /* Pods_CapstoneProjectTests.framework */,
				89366882C845FE22C63CE62D /* Pods_CapstoneProjectUITests.framework */,
			);
			name = Frameworks;
			sourceTree = "<group>";
		};
		EFFF5FF3FBFA992717C876C5 /* Pods */ = {
			isa = PBXGroup;
			children = (
				F6472ECC89E77248B87604AC /* Pods-CapstoneProject.debug.xcconfig */,
				5B23CEE57A0409C7FC50A72A /* Pods-CapstoneProject.release.xcconfig */,
				212AFF4A3BDE66FD65861084 /* Pods-CapstoneProjectTests.debug.xcconfig */,
				42A3D1D3588070588CAA87E2 /* Pods-CapstoneProjectTests.release.xcconfig */,
				3BF5F8F5A7A1B8A63FA53C7F /* Pods-CapstoneProjectUITests.debug.xcconfig */,
				ABFE21B6E3067FA05C51E5E7 /* Pods-CapstoneProjectUITests.release.xcconfig */,
			);
			name = Pods;
			sourceTree = "<group>";
		};
		F576C0EF2880F1B000C93523 /* ViewControllers */ = {
			isa = PBXGroup;
			children = (
				F576C0EB2880EFFA00C93523 /* DisplayActivityViewController.h */,
				F576C0EC2880EFFA00C93523 /* DisplayActivityViewController.m */,
				F576C0F12880F2AC00C93523 /* SignUpViewController.h */,
				F576C0F22880F2AC00C93523 /* SignUpViewController.m */,
				F576C0DC287F46E300C93523 /* ActivityRecViewController.h */,
				F576C0DD287F46E300C93523 /* ActivityRecViewController.m */,
				F576C0E82880E76100C93523 /* AddActivityViewController.h */,
				F576C0E92880E76100C93523 /* AddActivityViewController.m */,
				F5D031D0287C9D270065FDF3 /* AXHomeViewController.h */,
				F5D031D1287C9D270065FDF3 /* AXHomeViewController.m */,
				F5D031CD287C9A6B0065FDF3 /* LoginViewController.h */,
				F5D031CE287C9A6B0065FDF3 /* LoginViewController.m */,
			);
			path = ViewControllers;
			sourceTree = "<group>";
		};
		F576C0F02880F1DF00C93523 /* Models */ = {
			isa = PBXGroup;
			children = (
				F576C0E52880E0C600C93523 /* ActivityRecommendation.h */,
				F576C0E62880E0C600C93523 /* ActivityRecommendation.m */,
				F576C0F42882197100C93523 /* MoodDetection.h */,
				F576C0F52882197100C93523 /* MoodDetection.m */,
			);
			path = Models;
			sourceTree = "<group>";
		};
		F5D0318C287C8F520065FDF3 = {
			isa = PBXGroup;
			children = (
				F5D03197287C8F520065FDF3 /* CapstoneProject */,
				F5D031B3287C8F530065FDF3 /* CapstoneProjectTests */,
				F5D031BD287C8F530065FDF3 /* CapstoneProjectUITests */,
				F5D03196287C8F520065FDF3 /* Products */,
				EFFF5FF3FBFA992717C876C5 /* Pods */,
				5709A0E69B1311F21D61DCCE /* Frameworks */,
			);
			sourceTree = "<group>";
		};
		F5D03196287C8F520065FDF3 /* Products */ = {
			isa = PBXGroup;
			children = (
				F5D03195287C8F520065FDF3 /* CapstoneProject.app */,
				F5D031B0287C8F530065FDF3 /* CapstoneProjectTests.xctest */,
				F5D031BA287C8F530065FDF3 /* CapstoneProjectUITests.xctest */,
			);
			name = Products;
			sourceTree = "<group>";
		};
		F5D03197287C8F520065FDF3 /* CapstoneProject */ = {
			isa = PBXGroup;
			children = (
				F5D03198287C8F520065FDF3 /* AppDelegate.h */,
				F5D03199287C8F520065FDF3 /* AppDelegate.m */,
				F5D031A4287C8F530065FDF3 /* Assets.xcassets */,
				F5D031A9287C8F530065FDF3 /* Info.plist */,
				F5D031A6287C8F530065FDF3 /* LaunchScreen.storyboard */,
				F5D031AA287C8F530065FDF3 /* main.m */,
				F5D031A1287C8F520065FDF3 /* Main.storyboard */,
				F576C0F02880F1DF00C93523 /* Models */,
				F5D0319B287C8F520065FDF3 /* SceneDelegate.h */,
				F5D0319C287C8F520065FDF3 /* SceneDelegate.m */,
				F576C0EF2880F1B000C93523 /* ViewControllers */,
				F576C0FA288731A100C93523 /* ActivityRecommendationTableViewCell.h */,
				F576C0FB288731A100C93523 /* ActivityRecommendationTableViewCell.m */,
			);
			path = CapstoneProject;
			sourceTree = "<group>";
		};
		F5D031B3287C8F530065FDF3 /* CapstoneProjectTests */ = {
			isa = PBXGroup;
			children = (
				F5D031B4287C8F530065FDF3 /* CapstoneProjectTests.m */,
			);
			path = CapstoneProjectTests;
			sourceTree = "<group>";
		};
		F5D031BD287C8F530065FDF3 /* CapstoneProjectUITests */ = {
			isa = PBXGroup;
			children = (
				F5D031BE287C8F530065FDF3 /* CapstoneProjectUITests.m */,
				F5D031C0287C8F530065FDF3 /* CapstoneProjectUITestsLaunchTests.m */,
			);
			path = CapstoneProjectUITests;
			sourceTree = "<group>";
		};
/* End PBXGroup section */

/* Begin PBXNativeTarget section */
		F5D03194287C8F520065FDF3 /* CapstoneProject */ = {
			isa = PBXNativeTarget;
			buildConfigurationList = F5D031C4287C8F530065FDF3 /* Build configuration list for PBXNativeTarget "CapstoneProject" */;
			buildPhases = (
				AAAB3D29A09F17A93D65652D /* [CP] Check Pods Manifest.lock */,
				F5D03191287C8F520065FDF3 /* Sources */,
				F5D03192287C8F520065FDF3 /* Frameworks */,
				F5D03193287C8F520065FDF3 /* Resources */,
				C9F0DC27B2FBFCB754902D70 /* [CP] Embed Pods Frameworks */,
			);
			buildRules = (
			);
			dependencies = (
			);
			name = CapstoneProject;
			productName = CapstoneProject;
			productReference = F5D03195287C8F520065FDF3 /* CapstoneProject.app */;
			productType = "com.apple.product-type.application";
		};
		F5D031AF287C8F530065FDF3 /* CapstoneProjectTests */ = {
			isa = PBXNativeTarget;
			buildConfigurationList = F5D031C7287C8F530065FDF3 /* Build configuration list for PBXNativeTarget "CapstoneProjectTests" */;
			buildPhases = (
				9D614370BFF5E147324BF6F9 /* [CP] Check Pods Manifest.lock */,
				F5D031AC287C8F530065FDF3 /* Sources */,
				F5D031AD287C8F530065FDF3 /* Frameworks */,
				F5D031AE287C8F530065FDF3 /* Resources */,
			);
			buildRules = (
			);
			dependencies = (
				F5D031B2287C8F530065FDF3 /* PBXTargetDependency */,
			);
			name = CapstoneProjectTests;
			productName = CapstoneProjectTests;
			productReference = F5D031B0287C8F530065FDF3 /* CapstoneProjectTests.xctest */;
			productType = "com.apple.product-type.bundle.unit-test";
		};
		F5D031B9287C8F530065FDF3 /* CapstoneProjectUITests */ = {
			isa = PBXNativeTarget;
			buildConfigurationList = F5D031CA287C8F530065FDF3 /* Build configuration list for PBXNativeTarget "CapstoneProjectUITests" */;
			buildPhases = (
				D6019173E4B80983913FDB6A /* [CP] Check Pods Manifest.lock */,
				F5D031B6287C8F530065FDF3 /* Sources */,
				F5D031B7287C8F530065FDF3 /* Frameworks */,
				F5D031B8287C8F530065FDF3 /* Resources */,
			);
			buildRules = (
			);
			dependencies = (
				F5D031BC287C8F530065FDF3 /* PBXTargetDependency */,
			);
			name = CapstoneProjectUITests;
			productName = CapstoneProjectUITests;
			productReference = F5D031BA287C8F530065FDF3 /* CapstoneProjectUITests.xctest */;
			productType = "com.apple.product-type.bundle.ui-testing";
		};
/* End PBXNativeTarget section */

/* Begin PBXProject section */
		F5D0318D287C8F520065FDF3 /* Project object */ = {
			isa = PBXProject;
			attributes = {
				LastUpgradeCheck = 1340;
				TargetAttributes = {
					F5D03194287C8F520065FDF3 = {
						CreatedOnToolsVersion = 13.4;
					};
					F5D031AF287C8F530065FDF3 = {
						CreatedOnToolsVersion = 13.4;
						TestTargetID = F5D03194287C8F520065FDF3;
					};
					F5D031B9287C8F530065FDF3 = {
						CreatedOnToolsVersion = 13.4;
						TestTargetID = F5D03194287C8F520065FDF3;
					};
				};
			};
			buildConfigurationList = F5D03190287C8F520065FDF3 /* Build configuration list for PBXProject "CapstoneProject" */;
			compatibilityVersion = "Xcode 13.0";
			developmentRegion = en;
			hasScannedForEncodings = 0;
			knownRegions = (
				en,
				Base,
			);
			mainGroup = F5D0318C287C8F520065FDF3;
			productRefGroup = F5D03196287C8F520065FDF3 /* Products */;
			projectDirPath = "";
			projectRoot = "";
			targets = (
				F5D03194287C8F520065FDF3 /* CapstoneProject */,
				F5D031AF287C8F530065FDF3 /* CapstoneProjectTests */,
				F5D031B9287C8F530065FDF3 /* CapstoneProjectUITests */,
			);
		};
/* End PBXProject section */

/* Begin PBXResourcesBuildPhase section */
		F5D03193287C8F520065FDF3 /* Resources */ = {
			isa = PBXResourcesBuildPhase;
			buildActionMask = 2147483647;
			files = (
				F5D031A8287C8F530065FDF3 /* LaunchScreen.storyboard in Resources */,
				F5D031A5287C8F530065FDF3 /* Assets.xcassets in Resources */,
				F5D031A3287C8F520065FDF3 /* Main.storyboard in Resources */,
			);
			runOnlyForDeploymentPostprocessing = 0;
		};
		F5D031AE287C8F530065FDF3 /* Resources */ = {
			isa = PBXResourcesBuildPhase;
			buildActionMask = 2147483647;
			files = (
			);
			runOnlyForDeploymentPostprocessing = 0;
		};
		F5D031B8287C8F530065FDF3 /* Resources */ = {
			isa = PBXResourcesBuildPhase;
			buildActionMask = 2147483647;
			files = (
			);
			runOnlyForDeploymentPostprocessing = 0;
		};
/* End PBXResourcesBuildPhase section */

/* Begin PBXShellScriptBuildPhase section */
		9D614370BFF5E147324BF6F9 /* [CP] Check Pods Manifest.lock */ = {
			isa = PBXShellScriptBuildPhase;
			buildActionMask = 2147483647;
			files = (
			);
			inputPaths = (
				"${PODS_PODFILE_DIR_PATH}/Podfile.lock",
				"${PODS_ROOT}/Manifest.lock",
			);
			name = "[CP] Check Pods Manifest.lock";
			outputPaths = (
				"$(DERIVED_FILE_DIR)/Pods-CapstoneProjectTests-checkManifestLockResult.txt",
			);
			runOnlyForDeploymentPostprocessing = 0;
			shellPath = /bin/sh;
			shellScript = "diff \"${PODS_PODFILE_DIR_PATH}/Podfile.lock\" \"${PODS_ROOT}/Manifest.lock\" > /dev/null\nif [ $? != 0 ] ; then\n    # print error to STDERR\n    echo \"error: The sandbox is not in sync with the Podfile.lock. Run 'pod install' or update your CocoaPods installation.\" >&2\n    exit 1\nfi\n# This output is used by Xcode 'outputs' to avoid re-running this script phase.\necho \"SUCCESS\" > \"${SCRIPT_OUTPUT_FILE_0}\"\n";
			showEnvVarsInLog = 0;
		};
		AAAB3D29A09F17A93D65652D /* [CP] Check Pods Manifest.lock */ = {
			isa = PBXShellScriptBuildPhase;
			buildActionMask = 2147483647;
			files = (
			);
			inputPaths = (
				"${PODS_PODFILE_DIR_PATH}/Podfile.lock",
				"${PODS_ROOT}/Manifest.lock",
			);
			name = "[CP] Check Pods Manifest.lock";
			outputPaths = (
				"$(DERIVED_FILE_DIR)/Pods-CapstoneProject-checkManifestLockResult.txt",
			);
			runOnlyForDeploymentPostprocessing = 0;
			shellPath = /bin/sh;
			shellScript = "diff \"${PODS_PODFILE_DIR_PATH}/Podfile.lock\" \"${PODS_ROOT}/Manifest.lock\" > /dev/null\nif [ $? != 0 ] ; then\n    # print error to STDERR\n    echo \"error: The sandbox is not in sync with the Podfile.lock. Run 'pod install' or update your CocoaPods installation.\" >&2\n    exit 1\nfi\n# This output is used by Xcode 'outputs' to avoid re-running this script phase.\necho \"SUCCESS\" > \"${SCRIPT_OUTPUT_FILE_0}\"\n";
			showEnvVarsInLog = 0;
		};
		C9F0DC27B2FBFCB754902D70 /* [CP] Embed Pods Frameworks */ = {
			isa = PBXShellScriptBuildPhase;
			buildActionMask = 2147483647;
			files = (
			);
			inputPaths = (
				"${SRCROOT}/Pods/Target Support Files/Pods-CapstoneProject/Pods-CapstoneProject-frameworks.sh",
				"${BUILT_PRODUCTS_DIR}/Bolts/Bolts.framework",
				"${BUILT_PRODUCTS_DIR}/Parse/Parse.framework",
			);
			name = "[CP] Embed Pods Frameworks";
			outputPaths = (
				"${TARGET_BUILD_DIR}/${FRAMEWORKS_FOLDER_PATH}/Bolts.framework",
				"${TARGET_BUILD_DIR}/${FRAMEWORKS_FOLDER_PATH}/Parse.framework",
			);
			runOnlyForDeploymentPostprocessing = 0;
			shellPath = /bin/sh;
			shellScript = "\"${SRCROOT}/Pods/Target Support Files/Pods-CapstoneProject/Pods-CapstoneProject-frameworks.sh\"\n";
			showEnvVarsInLog = 0;
		};
		D6019173E4B80983913FDB6A /* [CP] Check Pods Manifest.lock */ = {
			isa = PBXShellScriptBuildPhase;
			buildActionMask = 2147483647;
			files = (
			);
			inputPaths = (
				"${PODS_PODFILE_DIR_PATH}/Podfile.lock",
				"${PODS_ROOT}/Manifest.lock",
			);
			name = "[CP] Check Pods Manifest.lock";
			outputPaths = (
				"$(DERIVED_FILE_DIR)/Pods-CapstoneProjectUITests-checkManifestLockResult.txt",
			);
			runOnlyForDeploymentPostprocessing = 0;
			shellPath = /bin/sh;
			shellScript = "diff \"${PODS_PODFILE_DIR_PATH}/Podfile.lock\" \"${PODS_ROOT}/Manifest.lock\" > /dev/null\nif [ $? != 0 ] ; then\n    # print error to STDERR\n    echo \"error: The sandbox is not in sync with the Podfile.lock. Run 'pod install' or update your CocoaPods installation.\" >&2\n    exit 1\nfi\n# This output is used by Xcode 'outputs' to avoid re-running this script phase.\necho \"SUCCESS\" > \"${SCRIPT_OUTPUT_FILE_0}\"\n";
			showEnvVarsInLog = 0;
		};
/* End PBXShellScriptBuildPhase section */

/* Begin PBXSourcesBuildPhase section */
		F5D03191287C8F520065FDF3 /* Sources */ = {
			isa = PBXSourcesBuildPhase;
			buildActionMask = 2147483647;
			files = (
				F5D0319A287C8F520065FDF3 /* AppDelegate.m in Sources */,
				F5D031AB287C8F530065FDF3 /* main.m in Sources */,
				F576C0DE287F46E300C93523 /* ActivityRecViewController.m in Sources */,
				F576C0FC288731A100C93523 /* ActivityRecommendationTableViewCell.m in Sources */,
				F576C0EA2880E76100C93523 /* AddActivityViewController.m in Sources */,
				F5D0319D287C8F520065FDF3 /* SceneDelegate.m in Sources */,
				F5D031D2287C9D270065FDF3 /* AXHomeViewController.m in Sources */,
				F5D031CF287C9A6B0065FDF3 /* LoginViewController.m in Sources */,
				F576C0F62882197100C93523 /* MoodDetection.m in Sources */,
				F576C0ED2880EFFA00C93523 /* DisplayActivityViewController.m in Sources */,
				F576C0F32880F2AC00C93523 /* SignUpViewController.m in Sources */,
				F576C0E72880E0C600C93523 /* ActivityRecommendation.m in Sources */,
			);
			runOnlyForDeploymentPostprocessing = 0;
		};
		F5D031AC287C8F530065FDF3 /* Sources */ = {
			isa = PBXSourcesBuildPhase;
			buildActionMask = 2147483647;
			files = (
				F5D031B5287C8F530065FDF3 /* CapstoneProjectTests.m in Sources */,
			);
			runOnlyForDeploymentPostprocessing = 0;
		};
		F5D031B6287C8F530065FDF3 /* Sources */ = {
			isa = PBXSourcesBuildPhase;
			buildActionMask = 2147483647;
			files = (
				F5D031BF287C8F530065FDF3 /* CapstoneProjectUITests.m in Sources */,
				F5D031C1287C8F530065FDF3 /* CapstoneProjectUITestsLaunchTests.m in Sources */,
			);
			runOnlyForDeploymentPostprocessing = 0;
		};
/* End PBXSourcesBuildPhase section */

/* Begin PBXTargetDependency section */
		F5D031B2287C8F530065FDF3 /* PBXTargetDependency */ = {
			isa = PBXTargetDependency;
			target = F5D03194287C8F520065FDF3 /* CapstoneProject */;
			targetProxy = F5D031B1287C8F530065FDF3 /* PBXContainerItemProxy */;
		};
		F5D031BC287C8F530065FDF3 /* PBXTargetDependency */ = {
			isa = PBXTargetDependency;
			target = F5D03194287C8F520065FDF3 /* CapstoneProject */;
			targetProxy = F5D031BB287C8F530065FDF3 /* PBXContainerItemProxy */;
		};
/* End PBXTargetDependency section */

/* Begin PBXVariantGroup section */
		F5D031A1287C8F520065FDF3 /* Main.storyboard */ = {
			isa = PBXVariantGroup;
			children = (
				F5D031A2287C8F520065FDF3 /* Base */,
			);
			name = Main.storyboard;
			sourceTree = "<group>";
		};
		F5D031A6287C8F530065FDF3 /* LaunchScreen.storyboard */ = {
			isa = PBXVariantGroup;
			children = (
				F5D031A7287C8F530065FDF3 /* Base */,
			);
			name = LaunchScreen.storyboard;
			sourceTree = "<group>";
		};
/* End PBXVariantGroup section */

/* Begin XCBuildConfiguration section */
		F5D031C2287C8F530065FDF3 /* Debug */ = {
			isa = XCBuildConfiguration;
			buildSettings = {
				ALWAYS_SEARCH_USER_PATHS = NO;
				CLANG_ANALYZER_NONNULL = YES;
				CLANG_ANALYZER_NUMBER_OBJECT_CONVERSION = YES_AGGRESSIVE;
				CLANG_CXX_LANGUAGE_STANDARD = "gnu++17";
				CLANG_ENABLE_MODULES = YES;
				CLANG_ENABLE_OBJC_ARC = YES;
				CLANG_ENABLE_OBJC_WEAK = YES;
				CLANG_WARN_BLOCK_CAPTURE_AUTORELEASING = YES;
				CLANG_WARN_BOOL_CONVERSION = YES;
				CLANG_WARN_COMMA = YES;
				CLANG_WARN_CONSTANT_CONVERSION = YES;
				CLANG_WARN_DEPRECATED_OBJC_IMPLEMENTATIONS = YES;
				CLANG_WARN_DIRECT_OBJC_ISA_USAGE = YES_ERROR;
				CLANG_WARN_DOCUMENTATION_COMMENTS = YES;
				CLANG_WARN_EMPTY_BODY = YES;
				CLANG_WARN_ENUM_CONVERSION = YES;
				CLANG_WARN_INFINITE_RECURSION = YES;
				CLANG_WARN_INT_CONVERSION = YES;
				CLANG_WARN_NON_LITERAL_NULL_CONVERSION = YES;
				CLANG_WARN_OBJC_IMPLICIT_RETAIN_SELF = YES;
				CLANG_WARN_OBJC_LITERAL_CONVERSION = YES;
				CLANG_WARN_OBJC_ROOT_CLASS = YES_ERROR;
				CLANG_WARN_QUOTED_INCLUDE_IN_FRAMEWORK_HEADER = YES;
				CLANG_WARN_RANGE_LOOP_ANALYSIS = YES;
				CLANG_WARN_STRICT_PROTOTYPES = YES;
				CLANG_WARN_SUSPICIOUS_MOVE = YES;
				CLANG_WARN_UNGUARDED_AVAILABILITY = YES_AGGRESSIVE;
				CLANG_WARN_UNREACHABLE_CODE = YES;
				CLANG_WARN__DUPLICATE_METHOD_MATCH = YES;
				COPY_PHASE_STRIP = NO;
				DEBUG_INFORMATION_FORMAT = dwarf;
				ENABLE_STRICT_OBJC_MSGSEND = YES;
				ENABLE_TESTABILITY = YES;
				GCC_C_LANGUAGE_STANDARD = gnu11;
				GCC_DYNAMIC_NO_PIC = NO;
				GCC_NO_COMMON_BLOCKS = YES;
				GCC_OPTIMIZATION_LEVEL = 0;
				GCC_PREPROCESSOR_DEFINITIONS = (
					"DEBUG=1",
					"$(inherited)",
				);
				GCC_WARN_64_TO_32_BIT_CONVERSION = YES;
				GCC_WARN_ABOUT_RETURN_TYPE = YES_ERROR;
				GCC_WARN_UNDECLARED_SELECTOR = YES;
				GCC_WARN_UNINITIALIZED_AUTOS = YES_AGGRESSIVE;
				GCC_WARN_UNUSED_FUNCTION = YES;
				GCC_WARN_UNUSED_VARIABLE = YES;
				IPHONEOS_DEPLOYMENT_TARGET = 15.5;
				MTL_ENABLE_DEBUG_INFO = INCLUDE_SOURCE;
				MTL_FAST_MATH = YES;
				ONLY_ACTIVE_ARCH = YES;
				SDKROOT = iphoneos;
			};
			name = Debug;
		};
		F5D031C3287C8F530065FDF3 /* Release */ = {
			isa = XCBuildConfiguration;
			buildSettings = {
				ALWAYS_SEARCH_USER_PATHS = NO;
				CLANG_ANALYZER_NONNULL = YES;
				CLANG_ANALYZER_NUMBER_OBJECT_CONVERSION = YES_AGGRESSIVE;
				CLANG_CXX_LANGUAGE_STANDARD = "gnu++17";
				CLANG_ENABLE_MODULES = YES;
				CLANG_ENABLE_OBJC_ARC = YES;
				CLANG_ENABLE_OBJC_WEAK = YES;
				CLANG_WARN_BLOCK_CAPTURE_AUTORELEASING = YES;
				CLANG_WARN_BOOL_CONVERSION = YES;
				CLANG_WARN_COMMA = YES;
				CLANG_WARN_CONSTANT_CONVERSION = YES;
				CLANG_WARN_DEPRECATED_OBJC_IMPLEMENTATIONS = YES;
				CLANG_WARN_DIRECT_OBJC_ISA_USAGE = YES_ERROR;
				CLANG_WARN_DOCUMENTATION_COMMENTS = YES;
				CLANG_WARN_EMPTY_BODY = YES;
				CLANG_WARN_ENUM_CONVERSION = YES;
				CLANG_WARN_INFINITE_RECURSION = YES;
				CLANG_WARN_INT_CONVERSION = YES;
				CLANG_WARN_NON_LITERAL_NULL_CONVERSION = YES;
				CLANG_WARN_OBJC_IMPLICIT_RETAIN_SELF = YES;
				CLANG_WARN_OBJC_LITERAL_CONVERSION = YES;
				CLANG_WARN_OBJC_ROOT_CLASS = YES_ERROR;
				CLANG_WARN_QUOTED_INCLUDE_IN_FRAMEWORK_HEADER = YES;
				CLANG_WARN_RANGE_LOOP_ANALYSIS = YES;
				CLANG_WARN_STRICT_PROTOTYPES = YES;
				CLANG_WARN_SUSPICIOUS_MOVE = YES;
				CLANG_WARN_UNGUARDED_AVAILABILITY = YES_AGGRESSIVE;
				CLANG_WARN_UNREACHABLE_CODE = YES;
				CLANG_WARN__DUPLICATE_METHOD_MATCH = YES;
				COPY_PHASE_STRIP = NO;
				DEBUG_INFORMATION_FORMAT = "dwarf-with-dsym";
				ENABLE_NS_ASSERTIONS = NO;
				ENABLE_STRICT_OBJC_MSGSEND = YES;
				GCC_C_LANGUAGE_STANDARD = gnu11;
				GCC_NO_COMMON_BLOCKS = YES;
				GCC_WARN_64_TO_32_BIT_CONVERSION = YES;
				GCC_WARN_ABOUT_RETURN_TYPE = YES_ERROR;
				GCC_WARN_UNDECLARED_SELECTOR = YES;
				GCC_WARN_UNINITIALIZED_AUTOS = YES_AGGRESSIVE;
				GCC_WARN_UNUSED_FUNCTION = YES;
				GCC_WARN_UNUSED_VARIABLE = YES;
				IPHONEOS_DEPLOYMENT_TARGET = 15.5;
				MTL_ENABLE_DEBUG_INFO = NO;
				MTL_FAST_MATH = YES;
				SDKROOT = iphoneos;
				VALIDATE_PRODUCT = YES;
			};
			name = Release;
		};
		F5D031C5287C8F530065FDF3 /* Debug */ = {
			isa = XCBuildConfiguration;
			baseConfigurationReference = F6472ECC89E77248B87604AC /* Pods-CapstoneProject.debug.xcconfig */;
			buildSettings = {
				ASSETCATALOG_COMPILER_APPICON_NAME = AppIcon;
				ASSETCATALOG_COMPILER_GLOBAL_ACCENT_COLOR_NAME = AccentColor;
				CODE_SIGN_STYLE = Automatic;
				CURRENT_PROJECT_VERSION = 1;
				GENERATE_INFOPLIST_FILE = YES;
				INFOPLIST_FILE = CapstoneProject/Info.plist;
				INFOPLIST_KEY_UIApplicationSupportsIndirectInputEvents = YES;
				INFOPLIST_KEY_UILaunchStoryboardName = LaunchScreen;
				INFOPLIST_KEY_UIMainStoryboardFile = Main;
				INFOPLIST_KEY_UISupportedInterfaceOrientations_iPad = "UIInterfaceOrientationPortrait UIInterfaceOrientationPortraitUpsideDown UIInterfaceOrientationLandscapeLeft UIInterfaceOrientationLandscapeRight";
				INFOPLIST_KEY_UISupportedInterfaceOrientations_iPhone = "UIInterfaceOrientationPortrait UIInterfaceOrientationLandscapeLeft UIInterfaceOrientationLandscapeRight";
				LD_RUNPATH_SEARCH_PATHS = (
					"$(inherited)",
					"@executable_path/Frameworks",
				);
				MARKETING_VERSION = 1.0;
				PRODUCT_BUNDLE_IDENTIFIER = com.fb.CapstoneProject;
				PRODUCT_NAME = "$(TARGET_NAME)";
				SWIFT_EMIT_LOC_STRINGS = YES;
				TARGETED_DEVICE_FAMILY = "1,2";
			};
			name = Debug;
		};
		F5D031C6287C8F530065FDF3 /* Release */ = {
			isa = XCBuildConfiguration;
			baseConfigurationReference = 5B23CEE57A0409C7FC50A72A /* Pods-CapstoneProject.release.xcconfig */;
			buildSettings = {
				ASSETCATALOG_COMPILER_APPICON_NAME = AppIcon;
				ASSETCATALOG_COMPILER_GLOBAL_ACCENT_COLOR_NAME = AccentColor;
				CODE_SIGN_STYLE = Automatic;
				CURRENT_PROJECT_VERSION = 1;
				GENERATE_INFOPLIST_FILE = YES;
				INFOPLIST_FILE = CapstoneProject/Info.plist;
				INFOPLIST_KEY_UIApplicationSupportsIndirectInputEvents = YES;
				INFOPLIST_KEY_UILaunchStoryboardName = LaunchScreen;
				INFOPLIST_KEY_UIMainStoryboardFile = Main;
				INFOPLIST_KEY_UISupportedInterfaceOrientations_iPad = "UIInterfaceOrientationPortrait UIInterfaceOrientationPortraitUpsideDown UIInterfaceOrientationLandscapeLeft UIInterfaceOrientationLandscapeRight";
				INFOPLIST_KEY_UISupportedInterfaceOrientations_iPhone = "UIInterfaceOrientationPortrait UIInterfaceOrientationLandscapeLeft UIInterfaceOrientationLandscapeRight";
				LD_RUNPATH_SEARCH_PATHS = (
					"$(inherited)",
					"@executable_path/Frameworks",
				);
				MARKETING_VERSION = 1.0;
				PRODUCT_BUNDLE_IDENTIFIER = com.fb.CapstoneProject;
				PRODUCT_NAME = "$(TARGET_NAME)";
				SWIFT_EMIT_LOC_STRINGS = YES;
				TARGETED_DEVICE_FAMILY = "1,2";
			};
			name = Release;
		};
		F5D031C8287C8F530065FDF3 /* Debug */ = {
			isa = XCBuildConfiguration;
			baseConfigurationReference = 212AFF4A3BDE66FD65861084 /* Pods-CapstoneProjectTests.debug.xcconfig */;
			buildSettings = {
				BUNDLE_LOADER = "$(TEST_HOST)";
				CODE_SIGN_STYLE = Automatic;
				CURRENT_PROJECT_VERSION = 1;
				GENERATE_INFOPLIST_FILE = YES;
				IPHONEOS_DEPLOYMENT_TARGET = 15.5;
				MARKETING_VERSION = 1.0;
				PRODUCT_BUNDLE_IDENTIFIER = com.fb.CapstoneProjectTests;
				PRODUCT_NAME = "$(TARGET_NAME)";
				SWIFT_EMIT_LOC_STRINGS = NO;
				TARGETED_DEVICE_FAMILY = "1,2";
				TEST_HOST = "$(BUILT_PRODUCTS_DIR)/CapstoneProject.app/CapstoneProject";
			};
			name = Debug;
		};
		F5D031C9287C8F530065FDF3 /* Release */ = {
			isa = XCBuildConfiguration;
			baseConfigurationReference = 42A3D1D3588070588CAA87E2 /* Pods-CapstoneProjectTests.release.xcconfig */;
			buildSettings = {
				BUNDLE_LOADER = "$(TEST_HOST)";
				CODE_SIGN_STYLE = Automatic;
				CURRENT_PROJECT_VERSION = 1;
				GENERATE_INFOPLIST_FILE = YES;
				IPHONEOS_DEPLOYMENT_TARGET = 15.5;
				MARKETING_VERSION = 1.0;
				PRODUCT_BUNDLE_IDENTIFIER = com.fb.CapstoneProjectTests;
				PRODUCT_NAME = "$(TARGET_NAME)";
				SWIFT_EMIT_LOC_STRINGS = NO;
				TARGETED_DEVICE_FAMILY = "1,2";
				TEST_HOST = "$(BUILT_PRODUCTS_DIR)/CapstoneProject.app/CapstoneProject";
			};
			name = Release;
		};
		F5D031CB287C8F530065FDF3 /* Debug */ = {
			isa = XCBuildConfiguration;
			baseConfigurationReference = 3BF5F8F5A7A1B8A63FA53C7F /* Pods-CapstoneProjectUITests.debug.xcconfig */;
			buildSettings = {
				CODE_SIGN_STYLE = Automatic;
				CURRENT_PROJECT_VERSION = 1;
				GENERATE_INFOPLIST_FILE = YES;
				MARKETING_VERSION = 1.0;
				PRODUCT_BUNDLE_IDENTIFIER = com.fb.CapstoneProjectUITests;
				PRODUCT_NAME = "$(TARGET_NAME)";
				SWIFT_EMIT_LOC_STRINGS = NO;
				TARGETED_DEVICE_FAMILY = "1,2";
				TEST_TARGET_NAME = CapstoneProject;
			};
			name = Debug;
		};
		F5D031CC287C8F530065FDF3 /* Release */ = {
			isa = XCBuildConfiguration;
			baseConfigurationReference = ABFE21B6E3067FA05C51E5E7 /* Pods-CapstoneProjectUITests.release.xcconfig */;
			buildSettings = {
				CODE_SIGN_STYLE = Automatic;
				CURRENT_PROJECT_VERSION = 1;
				GENERATE_INFOPLIST_FILE = YES;
				MARKETING_VERSION = 1.0;
				PRODUCT_BUNDLE_IDENTIFIER = com.fb.CapstoneProjectUITests;
				PRODUCT_NAME = "$(TARGET_NAME)";
				SWIFT_EMIT_LOC_STRINGS = NO;
				TARGETED_DEVICE_FAMILY = "1,2";
				TEST_TARGET_NAME = CapstoneProject;
			};
			name = Release;
		};
/* End XCBuildConfiguration section */

/* Begin XCConfigurationList section */
		F5D03190287C8F520065FDF3 /* Build configuration list for PBXProject "CapstoneProject" */ = {
			isa = XCConfigurationList;
			buildConfigurations = (
				F5D031C2287C8F530065FDF3 /* Debug */,
				F5D031C3287C8F530065FDF3 /* Release */,
			);
			defaultConfigurationIsVisible = 0;
			defaultConfigurationName = Release;
		};
		F5D031C4287C8F530065FDF3 /* Build configuration list for PBXNativeTarget "CapstoneProject" */ = {
			isa = XCConfigurationList;
			buildConfigurations = (
				F5D031C5287C8F530065FDF3 /* Debug */,
				F5D031C6287C8F530065FDF3 /* Release */,
			);
			defaultConfigurationIsVisible = 0;
			defaultConfigurationName = Release;
		};
		F5D031C7287C8F530065FDF3 /* Build configuration list for PBXNativeTarget "CapstoneProjectTests" */ = {
			isa = XCConfigurationList;
			buildConfigurations = (
				F5D031C8287C8F530065FDF3 /* Debug */,
				F5D031C9287C8F530065FDF3 /* Release */,
			);
			defaultConfigurationIsVisible = 0;
			defaultConfigurationName = Release;
		};
		F5D031CA287C8F530065FDF3 /* Build configuration list for PBXNativeTarget "CapstoneProjectUITests" */ = {
			isa = XCConfigurationList;
			buildConfigurations = (
				F5D031CB287C8F530065FDF3 /* Debug */,
				F5D031CC287C8F530065FDF3 /* Release */,
			);
			defaultConfigurationIsVisible = 0;
			defaultConfigurationName = Release;
		};
/* End XCConfigurationList section */
	};
	rootObject = F5D0318D287C8F520065FDF3 /* Project object */;
}
